
Microsoft Visual Studio Solution File, Format Version 12.00
# Visual Studio Version 16
VisualStudioVersion = 16.0.30621.155
MinimumVisualStudioVersion = 10.0.40219.1
Project("{888888A0-9F3D-457C-B088-3A5042F75D52}") = "Lp_Form", "Lp_Form\Lp_Form.pyproj", "{01E33978-FABF-4E45-923D-8E21986F0817}"
EndProject
Global
	GlobalSection(SolutionConfigurationPlatforms) = preSolution
		Debug|Any CPU = Debug|Any CPU
		Release|Any CPU = Release|Any CPU
	EndGlobalSection
	GlobalSection(ProjectConfigurationPlatforms) = postSolution
		{01E33978-FABF-4E45-923D-8E21986F0817}.Debug|Any CPU.ActiveCfg = Debug|Any CPU
		{01E33978-FABF-4E45-923D-8E21986F0817}.Release|Any CPU.ActiveCfg = Release|Any CPU
	EndGlobalSection
	GlobalSection(SolutionProperties) = preSolution
		HideSolutionNode = FALSE
	EndGlobalSection
	GlobalSection(ExtensibilityGlobals) = postSolution
		SolutionGuid = {5FF1A212-83E0-4444-815D-E7261ED16FDA}
	EndGlobalSection
EndGlobal
